# This file is generated by running "yarn install" inside your project.
# Manual changes might be lost - proceed with caution!

__metadata:
  version: 6
  cacheKey: 8

"@langchain/langgraph-sdk@npm:^0.1.0":
  version: 0.1.10
  resolution: "@langchain/langgraph-sdk@npm:0.1.10"
  dependencies:
    "@types/json-schema": ^7.0.15
    p-queue: ^6.6.2
    p-retry: 4
    uuid: ^9.0.0
  peerDependencies:
    "@langchain/core": ">=0.2.31 <0.4.0 || ^1.0.0-alpha"
    react: ^18 || ^19
    react-dom: ^18 || ^19
  peerDependenciesMeta:
    "@langchain/core":
      optional: true
    react:
      optional: true
    react-dom:
      optional: true
  checksum: ce563e2732e8cd63f35730e91ccd28c09303a1bd418c48e71bd46af63191f14efd2e06d7ab76da4cce9e0ec749f7409b984e1aa00e9b38d0b935c99edc9c2aa0
  languageName: node
  linkType: hard

"@types/json-schema@npm:^7.0.15":
  version: 7.0.15
  resolution: "@types/json-schema@npm:7.0.15"
  checksum: 97ed0cb44d4070aecea772b7b2e2ed971e10c81ec87dd4ecc160322ffa55ff330dace1793489540e3e318d90942064bb697cc0f8989391797792d919737b3b98
  languageName: node
  linkType: hard

"@types/retry@npm:0.12.0":
  version: 0.12.0
  resolution: "@types/retry@npm:0.12.0"
  checksum: 61a072c7639f6e8126588bf1eb1ce8835f2cb9c2aba795c4491cf6310e013267b0c8488039857c261c387e9728c1b43205099223f160bb6a76b4374f741b5603
  languageName: node
  linkType: hard

"deepagent-gen-ui@workspace:.":
  version: 0.0.0-use.local
  resolution: "deepagent-gen-ui@workspace:."
  dependencies:
    "@langchain/langgraph-sdk": ^0.1.0
    react: ^18.3.1
    tailwindcss: ^4.0.0
  languageName: unknown
  linkType: soft

"eventemitter3@npm:^4.0.4":
  version: 4.0.7
  resolution: "eventemitter3@npm:4.0.7"
  checksum: 1875311c42fcfe9c707b2712c32664a245629b42bb0a5a84439762dd0fd637fc54d078155ea83c2af9e0323c9ac13687e03cfba79b03af9f40c89b4960099374
  languageName: node
  linkType: hard

"js-tokens@npm:^3.0.0 || ^4.0.0":
  version: 4.0.0
  resolution: "js-tokens@npm:4.0.0"
  checksum: 8a95213a5a77deb6cbe94d86340e8d9ace2b93bc367790b260101d2f36a2eaf4e4e22d9fa9cf459b38af3a32fb4190e638024cf82ec95ef708680e405ea7cc78
  languageName: node
  linkType: hard

"loose-envify@npm:^1.1.0":
  version: 1.4.0
  resolution: "loose-envify@npm:1.4.0"
  dependencies:
    js-tokens: ^3.0.0 || ^4.0.0
  bin:
    loose-envify: cli.js
  checksum: 6517e24e0cad87ec9888f500c5b5947032cdfe6ef65e1c1936a0c48a524b81e65542c9c3edc91c97d5bddc806ee2a985dbc79be89215d613b1de5db6d1cfe6f4
  languageName: node
  linkType: hard

"p-finally@npm:^1.0.0":
  version: 1.0.0
  resolution: "p-finally@npm:1.0.0"
  checksum: 93a654c53dc805dd5b5891bab16eb0ea46db8f66c4bfd99336ae929323b1af2b70a8b0654f8f1eae924b2b73d037031366d645f1fd18b3d30cbd15950cc4b1d4
  languageName: node
  linkType: hard

"p-queue@npm:^6.6.2":
  version: 6.6.2
  resolution: "p-queue@npm:6.6.2"
  dependencies:
    eventemitter3: ^4.0.4
    p-timeout: ^3.2.0
  checksum: 832642fcc4ab6477b43e6d7c30209ab10952969ed211c6d6f2931be8a4f9935e3578c72e8cce053dc34f2eb6941a408a2c516a54904e989851a1a209cf19761c
  languageName: node
  linkType: hard

"p-retry@npm:4":
  version: 4.6.2
  resolution: "p-retry@npm:4.6.2"
  dependencies:
    "@types/retry": 0.12.0
    retry: ^0.13.1
  checksum: 45c270bfddaffb4a895cea16cb760dcc72bdecb6cb45fef1971fa6ea2e91ddeafddefe01e444ac73e33b1b3d5d29fb0dd18a7effb294262437221ddc03ce0f2e
  languageName: node
  linkType: hard

"p-timeout@npm:^3.2.0":
  version: 3.2.0
  resolution: "p-timeout@npm:3.2.0"
  dependencies:
    p-finally: ^1.0.0
  checksum: 3dd0eaa048780a6f23e5855df3dd45c7beacff1f820476c1d0d1bcd6648e3298752ba2c877aa1c92f6453c7dd23faaf13d9f5149fc14c0598a142e2c5e8d649c
  languageName: node
  linkType: hard

"react@npm:^18.3.1":
  version: 18.3.1
  resolution: "react@npm:18.3.1"
  dependencies:
    loose-envify: ^1.1.0
  checksum: a27bcfa8ff7c15a1e50244ad0d0c1cb2ad4375eeffefd266a64889beea6f6b64c4966c9b37d14ee32d6c9fcd5aa6ba183b6988167ab4d127d13e7cb5b386a376
  languageName: node
  linkType: hard

"retry@npm:^0.13.1":
  version: 0.13.1
  resolution: "retry@npm:0.13.1"
  checksum: 47c4d5be674f7c13eee4cfe927345023972197dbbdfba5d3af7e461d13b44de1bfd663bfc80d2f601f8ef3fc8164c16dd99655a221921954a65d044a2fc1233b
  languageName: node
  linkType: hard

"tailwindcss@npm:^4.0.0":
  version: 4.1.17
  resolution: "tailwindcss@npm:4.1.17"
  checksum: d3b66a81a46ede234018ed06f4c5390b42652ee29b880ac9858fa688ebbdfa0e66fcfdd6c98cc6ed08da3711b933898b660fc929160744447a34aefdd38e7708
  languageName: node
  linkType: hard

"uuid@npm:^9.0.0":
  version: 9.0.1
  resolution: "uuid@npm:9.0.1"
  bin:
    uuid: dist/bin/uuid
  checksum: 39931f6da74e307f51c0fb463dc2462807531dc80760a9bff1e35af4316131b4fc3203d16da60ae33f07fdca5b56f3f1dd662da0c99fea9aaeab2004780cc5f4
  languageName: node
  linkType: hard
